// !$*UTF8*$!
{
	archiveVersion = 1;
	classes = {
	};
	objectVersion = 51;
	objects = {

/* Begin PBXBuildFile section */
		027747AE267EFBAA003782EB /* Constants.swift in Sources */ = {isa = PBXBuildFile; fileRef = 027747AD267EFBAA003782EB /* Constants.swift */; };
		027747B0267EFD6D003782EB /* Models.swift in Sources */ = {isa = PBXBuildFile; fileRef = 027747AF267EFD6D003782EB /* Models.swift */; };
		02C77D23267EFA9B00650374 /* AppDelegate.swift in Sources */ = {isa = PBXBuildFile; fileRef = 02C77D22267EFA9B00650374 /* AppDelegate.swift */; };
		02C77D25267EFA9B00650374 /* SceneDelegate.swift in Sources */ = {isa = PBXBuildFile; fileRef = 02C77D24267EFA9B00650374 /* SceneDelegate.swift */; };
		02C77D27267EFA9B00650374 /* ViewController.swift in Sources */ = {isa = PBXBuildFile; fileRef = 02C77D26267EFA9B00650374 /* ViewController.swift */; };
		02C77D2A267EFA9B00650374 /* Main.storyboard in Resources */ = {isa = PBXBuildFile; fileRef = 02C77D28267EFA9B00650374 /* Main.storyboard */; };
		02C77D2C267EFA9D00650374 /* Assets.xcassets in Resources */ = {isa = PBXBuildFile; fileRef = 02C77D2B267EFA9D00650374 /* Assets.xcassets */; };
		02C77D2F267EFA9D00650374 /* LaunchScreen.storyboard in Resources */ = {isa = PBXBuildFile; fileRef = 02C77D2D267EFA9D00650374 /* LaunchScreen.storyboard */; };
		FCCDC6729612C31058F77F0E /* Pods_04_Networking_Debugging_And_Alamofire.framework in Frameworks */ = {isa = PBXBuildFile; fileRef = 4A35F28E02B155733B0F6179 /* Pods_04_Networking_Debugging_And_Alamofire.framework */; };
/* End PBXBuildFile section */

/* Begin PBXFileReference section */
		027747AD267EFBAA003782EB /* Constants.swift */ = {isa = PBXFileReference; lastKnownFileType = sourcecode.swift; path = Constants.swift; sourceTree = "<group>"; };
		027747AF267EFD6D003782EB /* Models.swift */ = {isa = PBXFileReference; lastKnownFileType = sourcecode.swift; path = Models.swift; sourceTree = "<group>"; };
		02C77D1F267EFA9B00650374 /* 04.Networking Debugging And Alamofire.app */ = {isa = PBXFileReference; explicitFileType = wrapper.application; includeInIndex = 0; path = "04.Networking Debugging And Alamofire.app"; sourceTree = BUILT_PRODUCTS_DIR; };
		02C77D22267EFA9B00650374 /* AppDelegate.swift */ = {isa = PBXFileReference; lastKnownFileType = sourcecode.swift; path = AppDelegate.swift; sourceTree = "<group>"; };
		02C77D24267EFA9B00650374 /* SceneDelegate.swift */ = {isa = PBXFileReference; lastKnownFileType = sourcecode.swift; path = SceneDelegate.swift; sourceTree = "<group>"; };
		02C77D26267EFA9B00650374 /* ViewController.swift */ = {isa = PBXFileReference; lastKnownFileType = sourcecode.swift; path = ViewController.swift; sourceTree = "<group>"; };
		02C77D29267EFA9B00650374 /* Base */ = {isa = PBXFileReference; lastKnownFileType = file.storyboard; name = Base; path = Base.lproj/Main.storyboard; sourceTree = "<group>"; };
		02C77D2B267EFA9D00650374 /* Assets.xcassets */ = {isa = PBXFileReference; lastKnownFileType = folder.assetcatalog; path = Assets.xcassets; sourceTree = "<group>"; };
		02C77D2E267EFA9D00650374 /* Base */ = {isa = PBXFileReference; lastKnownFileType = file.storyboard; name = Base; path = Base.lproj/LaunchScreen.storyboard; sourceTree = "<group>"; };
		02C77D30267EFA9D00650374 /* Info.plist */ = {isa = PBXFileReference; lastKnownFileType = text.plist.xml; path = Info.plist; sourceTree = "<group>"; };
		4A35F28E02B155733B0F6179 /* Pods_04_Networking_Debugging_And_Alamofire.framework */ = {isa = PBXFileReference; explicitFileType = wrapper.framework; includeInIndex = 0; path = Pods_04_Networking_Debugging_And_Alamofire.framework; sourceTree = BUILT_PRODUCTS_DIR; };
		BC13D29681056A5E59E6E9FF /* Pods-04.Networking Debugging And Alamofire.release.xcconfig */ = {isa = PBXFileReference; includeInIndex = 1; lastKnownFileType = text.xcconfig; name = "Pods-04.Networking Debugging And Alamofire.release.xcconfig"; path = "Target Support Files/Pods-04.Networking Debugging And Alamofire/Pods-04.Networking Debugging And Alamofire.release.xcconfig"; sourceTree = "<group>"; };
		EC9ABC4290E0C3CF8690D255 /* Pods-04.Networking Debugging And Alamofire.debug.xcconfig */ = {isa = PBXFileReference; includeInIndex = 1; lastKnownFileType = text.xcconfig; name = "Pods-04.Networking Debugging And Alamofire.debug.xcconfig"; path = "Target Support Files/Pods-04.Networking Debugging And Alamofire/Pods-04.Networking Debugging And Alamofire.debug.xcconfig"; sourceTree = "<group>"; };
/* End PBXFileReference section */

/* Begin PBXFrameworksBuildPhase section */
		02C77D1C267EFA9B00650374 /* Frameworks */ = {
			isa = PBXFrameworksBuildPhase;
			buildActionMask = 2147483647;
			files = (
				FCCDC6729612C31058F77F0E /* Pods_04_Networking_Debugging_And_Alamofire.framework in Frameworks */,
			);
			runOnlyForDeploymentPostprocessing = 0;
		};
/* End PBXFrameworksBuildPhase section */

/* Begin PBXGroup section */
		027747B1267EFD7C003782EB /* Models */ = {
			isa = PBXGroup;
			children = (
				027747AD267EFBAA003782EB /* Constants.swift */,
				027747AF267EFD6D003782EB /* Models.swift */,
			);
			path = Models;
			sourceTree = "<group>";
		};
		027747B2267EFD81003782EB /* Delegates */ = {
			isa = PBXGroup;
			children = (
				02C77D22267EFA9B00650374 /* AppDelegate.swift */,
				02C77D24267EFA9B00650374 /* SceneDelegate.swift */,
			);
			path = Delegates;
			sourceTree = "<group>";
		};
		027747B3267EFD87003782EB /* View Controllers */ = {
			isa = PBXGroup;
			children = (
				02C77D26267EFA9B00650374 /* ViewController.swift */,
			);
			path = "View Controllers";
			sourceTree = "<group>";
		};
		027747B4267EFD91003782EB /* Resources */ = {
			isa = PBXGroup;
			children = (
				02C77D28267EFA9B00650374 /* Main.storyboard */,
				02C77D2B267EFA9D00650374 /* Assets.xcassets */,
				02C77D2D267EFA9D00650374 /* LaunchScreen.storyboard */,
			);
			path = Resources;
			sourceTree = "<group>";
		};
		02C77D16267EFA9B00650374 = {
			isa = PBXGroup;
			children = (
				02C77D21267EFA9B00650374 /* 04.Networking Debugging And Alamofire */,
				02C77D20267EFA9B00650374 /* Products */,
				CCF805A8C6238BF9A8963B06 /* Pods */,
				5A00756AC3198E22828939B9 /* Frameworks */,
			);
			sourceTree = "<group>";
		};
		02C77D20267EFA9B00650374 /* Products */ = {
			isa = PBXGroup;
			children = (
				02C77D1F267EFA9B00650374 /* 04.Networking Debugging And Alamofire.app */,
			);
			name = Products;
			sourceTree = "<group>";
		};
		02C77D21267EFA9B00650374 /* 04.Networking Debugging And Alamofire */ = {
			isa = PBXGroup;
			children = (
				027747B4267EFD91003782EB /* Resources */,
				027747B3267EFD87003782EB /* View Controllers */,
				027747B1267EFD7C003782EB /* Models */,
				027747B2267EFD81003782EB /* Delegates */,
				02C77D30267EFA9D00650374 /* Info.plist */,
			);
			path = "04.Networking Debugging And Alamofire";
			sourceTree = "<group>";
		};
		5A00756AC3198E22828939B9 /* Frameworks */ = {
			isa = PBXGroup;
			children = (
				4A35F28E02B155733B0F6179 /* Pods_04_Networking_Debugging_And_Alamofire.framework */,
			);
			name = Frameworks;
			sourceTree = "<group>";
		};
		CCF805A8C6238BF9A8963B06 /* Pods */ = {
			isa = PBXGroup;
			children = (
				EC9ABC4290E0C3CF8690D255 /* Pods-04.Networking Debugging And Alamofire.debug.xcconfig */,
				BC13D29681056A5E59E6E9FF /* Pods-04.Networking Debugging And Alamofire.release.xcconfig */,
			);
			path = Pods;
			sourceTree = "<group>";
		};
/* End PBXGroup section */

/* Begin PBXNativeTarget section */
		02C77D1E267EFA9B00650374 /* 04.Networking Debugging And Alamofire */ = {
			isa = PBXNativeTarget;
			buildConfigurationList = 02C77D33267EFA9D00650374 /* Build configuration list for PBXNativeTarget "04.Networking Debugging And Alamofire" */;
			buildPhases = (
				3A945947F48991F554897749 /* [CP] Check Pods Manifest.lock */,
				02C77D1B267EFA9B00650374 /* Sources */,
				02C77D1C267EFA9B00650374 /* Frameworks */,
				02C77D1D267EFA9B00650374 /* Resources */,
				81D7EDD462C78ABA1AC2DCFA /* [CP] Embed Pods Frameworks */,
			);
			buildRules = (
			);
			dependencies = (
			);
			name = "04.Networking Debugging And Alamofire";
			productName = "04.Networking Debugging And Alamofire";
			productReference = 02C77D1F267EFA9B00650374 /* 04.Networking Debugging And Alamofire.app */;
			productType = "com.apple.product-type.application";
		};
/* End PBXNativeTarget section */

/* Begin PBXProject section */
		02C77D17267EFA9B00650374 /* Project object */ = {
			isa = PBXProject;
			attributes = {
				LastSwiftUpdateCheck = 1250;
				LastUpgradeCheck = 1250;
				TargetAttributes = {
					02C77D1E267EFA9B00650374 = {
						CreatedOnToolsVersion = 12.5;
					};
				};
			};
			buildConfigurationList = 02C77D1A267EFA9B00650374 /* Build configuration list for PBXProject "04.Networking Debugging And Alamofire" */;
			compatibilityVersion = "Xcode 9.3";
			developmentRegion = en;
			hasScannedForEncodings = 0;
			knownRegions = (
				en,
				Base,
			);
			mainGroup = 02C77D16267EFA9B00650374;
			productRefGroup = 02C77D20267EFA9B00650374 /* Products */;
			projectDirPath = "";
			projectRoot = "";
			targets = (
				02C77D1E267EFA9B00650374 /* 04.Networking Debugging And Alamofire */,
			);
		};
/* End PBXProject section */

/* Begin PBXResourcesBuildPhase section */
		02C77D1D267EFA9B00650374 /* Resources */ = {
			isa = PBXResourcesBuildPhase;
			buildActionMask = 2147483647;
			files = (
				02C77D2F267EFA9D00650374 /* LaunchScreen.storyboard in Resources */,
				02C77D2C267EFA9D00650374 /* Assets.xcassets in Resources */,
				02C77D2A267EFA9B00650374 /* Main.storyboard in Resources */,
			);
			runOnlyForDeploymentPostprocessing = 0;
		};
/* End PBXResourcesBuildPhase section */

/* Begin PBXShellScriptBuildPhase section */
		3A945947F48991F554897749 /* [CP] Check Pods Manifest.lock */ = {
			isa = PBXShellScriptBuildPhase;
			buildActionMask = 2147483647;
			files = (
			);
			inputFileListPaths = (
			);
			inputPaths = (
				"${PODS_PODFILE_DIR_PATH}/Podfile.lock",
				"${PODS_ROOT}/Manifest.lock",
			);
			name = "[CP] Check Pods Manifest.lock";
			outputFileListPaths = (
			);
			outputPaths = (
				"$(DERIVED_FILE_DIR)/Pods-04.Networking Debugging And Alamofire-checkManifestLockResult.txt",
			);
			runOnlyForDeploymentPostprocessing = 0;
			shellPath = /bin/sh;
			shellScript = "diff \"${PODS_PODFILE_DIR_PATH}/Podfile.lock\" \"${PODS_ROOT}/Manifest.lock\" > /dev/null\nif [ $? != 0 ] ; then\n    # print error to STDERR\n    echo \"error: The sandbox is not in sync with the Podfile.lock. Run 'pod install' or update your CocoaPods installation.\" >&2\n    exit 1\nfi\n# This output is used by Xcode 'outputs' to avoid re-running this script phase.\necho \"SUCCESS\" > \"${SCRIPT_OUTPUT_FILE_0}\"\n";
			showEnvVarsInLog = 0;
		};
		81D7EDD462C78ABA1AC2DCFA /* [CP] Embed Pods Frameworks */ = {
			isa = PBXShellScriptBuildPhase;
			buildActionMask = 2147483647;
			files = (
			);
			inputFileListPaths = (
				"${PODS_ROOT}/Target Support Files/Pods-04.Networking Debugging And Alamofire/Pods-04.Networking Debugging And Alamofire-frameworks-${CONFIGURATION}-input-files.xcfilelist",
			);
			name = "[CP] Embed Pods Frameworks";
			outputFileListPaths = (
				"${PODS_ROOT}/Target Support Files/Pods-04.Networking Debugging And Alamofire/Pods-04.Networking Debugging And Alamofire-frameworks-${CONFIGURATION}-output-files.xcfilelist",
			);
			runOnlyForDeploymentPostprocessing = 0;
			shellPath = /bin/sh;
			shellScript = "\"${PODS_ROOT}/Target Support Files/Pods-04.Networking Debugging And Alamofire/Pods-04.Networking Debugging And Alamofire-frameworks.sh\"\n";
			showEnvVarsInLog = 0;
		};
/* End PBXShellScriptBuildPhase section */

/* Begin PBXSourcesBuildPhase section */
		02C77D1B267EFA9B00650374 /* Sources */ = {
			isa = PBXSourcesBuildPhase;
			buildActionMask = 2147483647;
			files = (
				02C77D27267EFA9B00650374 /* ViewController.swift in Sources */,
				02C77D23267EFA9B00650374 /* AppDelegate.swift in Sources */,
				02C77D25267EFA9B00650374 /* SceneDelegate.swift in Sources */,
				027747AE267EFBAA003782EB /* Constants.swift in Sources */,
				027747B0267EFD6D003782EB /* Models.swift in Sources */,
			);
			runOnlyForDeploymentPostprocessing = 0;
		};
/* End PBXSourcesBuildPhase section */

/* Begin PBXVariantGroup section */
		02C77D28267EFA9B00650374 /* Main.storyboard */ = {
			isa = PBXVariantGroup;
			children = (
				02C77D29267EFA9B00650374 /* Base */,
			);
			name = Main.storyboard;
			sourceTree = "<group>";
		};
		02C77D2D267EFA9D00650374 /* LaunchScreen.storyboard */ = {
			isa = PBXVariantGroup;
			children = (
				02C77D2E267EFA9D00650374 /* Base */,
			);
			name = LaunchScreen.storyboard;
			sourceTree = "<group>";
		};
/* End PBXVariantGroup section */

/* Begin XCBuildConfiguration section */
		02C77D31267EFA9D00650374 /* Debug */ = {
			isa = XCBuildConfiguration;
			buildSettings = {
				ALWAYS_SEARCH_USER_PATHS = NO;
				CLANG_ANALYZER_NONNULL = YES;
				CLANG_ANALYZER_NUMBER_OBJECT_CONVERSION = YES_AGGRESSIVE;
				CLANG_CXX_LANGUAGE_STANDARD = "gnu++14";
				CLANG_CXX_LIBRARY = "libc++";
				CLANG_ENABLE_MODULES = YES;
				CLANG_ENABLE_OBJC_ARC = YES;
				CLANG_ENABLE_OBJC_WEAK = YES;
				CLANG_WARN_BLOCK_CAPTURE_AUTORELEASING = YES;
				CLANG_WARN_BOOL_CONVERSION = YES;
				CLANG_WARN_COMMA = YES;
				CLANG_WARN_CONSTANT_CONVERSION = YES;
				CLANG_WARN_DEPRECATED_OBJC_IMPLEMENTATIONS = YES;
				CLANG_WARN_DIRECT_OBJC_ISA_USAGE = YES_ERROR;
				CLANG_WARN_DOCUMENTATION_COMMENTS = YES;
				CLANG_WARN_EMPTY_BODY = YES;
				CLANG_WARN_ENUM_CONVERSION = YES;
				CLANG_WARN_INFINITE_RECURSION = YES;
				CLANG_WARN_INT_CONVERSION = YES;
				CLANG_WARN_NON_LITERAL_NULL_CONVERSION = YES;
				CLANG_WARN_OBJC_IMPLICIT_RETAIN_SELF = YES;
				CLANG_WARN_OBJC_LITERAL_CONVERSION = YES;
				CLANG_WARN_OBJC_ROOT_CLASS = YES_ERROR;
				CLANG_WARN_QUOTED_INCLUDE_IN_FRAMEWORK_HEADER = YES;
				CLANG_WARN_RANGE_LOOP_ANALYSIS = YES;
				CLANG_WARN_STRICT_PROTOTYPES = YES;
				CLANG_WARN_SUSPICIOUS_MOVE = YES;
				CLANG_WARN_UNGUARDED_AVAILABILITY = YES_AGGRESSIVE;
				CLANG_WARN_UNREACHABLE_CODE = YES;
				CLANG_WARN__DUPLICATE_METHOD_MATCH = YES;
				COPY_PHASE_STRIP = NO;
				DEBUG_INFORMATION_FORMAT = dwarf;
				ENABLE_STRICT_OBJC_MSGSEND = YES;
				ENABLE_TESTABILITY = YES;
				GCC_C_LANGUAGE_STANDARD = gnu11;
				GCC_DYNAMIC_NO_PIC = NO;
				GCC_NO_COMMON_BLOCKS = YES;
				GCC_OPTIMIZATION_LEVEL = 0;
				GCC_PREPROCESSOR_DEFINITIONS = (
					"DEBUG=1",
					"$(inherited)",
				);
				GCC_WARN_64_TO_32_BIT_CONVERSION = YES;
				GCC_WARN_ABOUT_RETURN_TYPE = YES_ERROR;
				GCC_WARN_UNDECLARED_SELECTOR = YES;
				GCC_WARN_UNINITIALIZED_AUTOS = YES_AGGRESSIVE;
				GCC_WARN_UNUSED_FUNCTION = YES;
				GCC_WARN_UNUSED_VARIABLE = YES;
				IPHONEOS_DEPLOYMENT_TARGET = 14.5;
				MTL_ENABLE_DEBUG_INFO = INCLUDE_SOURCE;
				MTL_FAST_MATH = YES;
				ONLY_ACTIVE_ARCH = YES;
				SDKROOT = iphoneos;
				SWIFT_ACTIVE_COMPILATION_CONDITIONS = DEBUG;
				SWIFT_OPTIMIZATION_LEVEL = "-Onone";
			};
			name = Debug;
		};
		02C77D32267EFA9D00650374 /* Release */ = {
			isa = XCBuildConfiguration;
			buildSettings = {
				ALWAYS_SEARCH_USER_PATHS = NO;
				CLANG_ANALYZER_NONNULL = YES;
				CLANG_ANALYZER_NUMBER_OBJECT_CONVERSION = YES_AGGRESSIVE;
				CLANG_CXX_LANGUAGE_STANDARD = "gnu++14";
				CLANG_CXX_LIBRARY = "libc++";
				CLANG_ENABLE_MODULES = YES;
				CLANG_ENABLE_OBJC_ARC = YES;
				CLANG_ENABLE_OBJC_WEAK = YES;
				CLANG_WARN_BLOCK_CAPTURE_AUTORELEASING = YES;
				CLANG_WARN_BOOL_CONVERSION = YES;
				CLANG_WARN_COMMA = YES;
				CLANG_WARN_CONSTANT_CONVERSION = YES;
				CLANG_WARN_DEPRECATED_OBJC_IMPLEMENTATIONS = YES;
				CLANG_WARN_DIRECT_OBJC_ISA_USAGE = YES_ERROR;
				CLANG_WARN_DOCUMENTATION_COMMENTS = YES;
				CLANG_WARN_EMPTY_BODY = YES;
				CLANG_WARN_ENUM_CONVERSION = YES;
				CLANG_WARN_INFINITE_RECURSION = YES;
				CLANG_WARN_INT_CONVERSION = YES;
				CLANG_WARN_NON_LITERAL_NULL_CONVERSION = YES;
				CLANG_WARN_OBJC_IMPLICIT_RETAIN_SELF = YES;
				CLANG_WARN_OBJC_LITERAL_CONVERSION = YES;
				CLANG_WARN_OBJC_ROOT_CLASS = YES_ERROR;
				CLANG_WARN_QUOTED_INCLUDE_IN_FRAMEWORK_HEADER = YES;
				CLANG_WARN_RANGE_LOOP_ANALYSIS = YES;
				CLANG_WARN_STRICT_PROTOTYPES = YES;
				CLANG_WARN_SUSPICIOUS_MOVE = YES;
				CLANG_WARN_UNGUARDED_AVAILABILITY = YES_AGGRESSIVE;
				CLANG_WARN_UNREACHABLE_CODE = YES;
				CLANG_WARN__DUPLICATE_METHOD_MATCH = YES;
				COPY_PHASE_STRIP = NO;
				DEBUG_INFORMATION_FORMAT = "dwarf-with-dsym";
				ENABLE_NS_ASSERTIONS = NO;
				ENABLE_STRICT_OBJC_MSGSEND = YES;
				GCC_C_LANGUAGE_STANDARD = gnu11;
				GCC_NO_COMMON_BLOCKS = YES;
				GCC_WARN_64_TO_32_BIT_CONVERSION = YES;
				GCC_WARN_ABOUT_RETURN_TYPE = YES_ERROR;
				GCC_WARN_UNDECLARED_SELECTOR = YES;
				GCC_WARN_UNINITIALIZED_AUTOS = YES_AGGRESSIVE;
				GCC_WARN_UNUSED_FUNCTION = YES;
				GCC_WARN_UNUSED_VARIABLE = YES;
				IPHONEOS_DEPLOYMENT_TARGET = 14.5;
				MTL_ENABLE_DEBUG_INFO = NO;
				MTL_FAST_MATH = YES;
				SDKROOT = iphoneos;
				SWIFT_COMPILATION_MODE = wholemodule;
				SWIFT_OPTIMIZATION_LEVEL = "-O";
				VALIDATE_PRODUCT = YES;
			};
			name = Release;
		};
		02C77D34267EFA9D00650374 /* Debug */ = {
			isa = XCBuildConfiguration;
			baseConfigurationReference = EC9ABC4290E0C3CF8690D255 /* Pods-04.Networking Debugging And Alamofire.debug.xcconfig */;
			buildSettings = {
				ASSETCATALOG_COMPILER_APPICON_NAME = AppIcon;
				ASSETCATALOG_COMPILER_GLOBAL_ACCENT_COLOR_NAME = AccentColor;
				CODE_SIGN_STYLE = Automatic;
				DEVELOPMENT_TEAM = 3LGZY3S9Q5;
				INFOPLIST_FILE = "04.Networking Debugging And Alamofire/Info.plist";
				LD_RUNPATH_SEARCH_PATHS = (
					"$(inherited)",
					"@executable_path/Frameworks",
				);
				PRODUCT_BUNDLE_IDENTIFIER = "edu.uy.monkey.kyaw.-4-Networking-Debugging-And-Alamofire";
				PRODUCT_NAME = "$(TARGET_NAME)";
				SWIFT_VERSION = 5.0;
				TARGETED_DEVICE_FAMILY = "1,2";
			};
			name = Debug;
		};
		02C77D35267EFA9D00650374 /* Release */ = {
			isa = XCBuildConfiguration;
			baseConfigurationReference = BC13D29681056A5E59E6E9FF /* Pods-04.Networking Debugging And Alamofire.release.xcconfig */;
			buildSettings = {
				ASSETCATALOG_COMPILER_APPICON_NAME = AppIcon;
				ASSETCATALOG_COMPILER_GLOBAL_ACCENT_COLOR_NAME = AccentColor;
				CODE_SIGN_STYLE = Automatic;
				DEVELOPMENT_TEAM = 3LGZY3S9Q5;
				INFOPLIST_FILE = "04.Networking Debugging And Alamofire/Info.plist";
				LD_RUNPATH_SEARCH_PATHS = (
					"$(inherited)",
					"@executable_path/Frameworks",
				);
				PRODUCT_BUNDLE_IDENTIFIER = "edu.uy.monkey.kyaw.-4-Networking-Debugging-And-Alamofire";
				PRODUCT_NAME = "$(TARGET_NAME)";
				SWIFT_VERSION = 5.0;
				TARGETED_DEVICE_FAMILY = "1,2";
			};
			name = Release;
		};
/* End XCBuildConfiguration section */

/* Begin XCConfigurationList section */
		02C77D1A267EFA9B00650374 /* Build configuration list for PBXProject "04.Networking Debugging And Alamofire" */ = {
			isa = XCConfigurationList;
			buildConfigurations = (
				02C77D31267EFA9D00650374 /* Debug */,
				02C77D32267EFA9D00650374 /* Release */,
			);
			defaultConfigurationIsVisible = 0;
			defaultConfigurationName = Release;
		};
		02C77D33267EFA9D00650374 /* Build configuration list for PBXNativeTarget "04.Networking Debugging And Alamofire" */ = {
			isa = XCConfigurationList;
			buildConfigurations = (
				02C77D34267EFA9D00650374 /* Debug */,
				02C77D35267EFA9D00650374 /* Release */,
			);
			defaultConfigurationIsVisible = 0;
			defaultConfigurationName = Release;
		};
/* End XCConfigurationList section */
	};
	rootObject = 02C77D17267EFA9B00650374 /* Project object */;
}
